// !$*UTF8*$!
{
	archiveVersion = 1;
	classes = {
	};
	objectVersion = 55;
	objects = {

/* Begin PBXBuildFile section */
		917C874027CF3147002A6D5F /* AppDelegate.swift in Sources */ = {isa = PBXBuildFile; fileRef = 917C873F27CF3147002A6D5F /* AppDelegate.swift */; };
		917C874227CF3147002A6D5F /* SceneDelegate.swift in Sources */ = {isa = PBXBuildFile; fileRef = 917C874127CF3147002A6D5F /* SceneDelegate.swift */; };
		917C874427CF3147002A6D5F /* ViewController.swift in Sources */ = {isa = PBXBuildFile; fileRef = 917C874327CF3147002A6D5F /* ViewController.swift */; };
		917C874727CF3147002A6D5F /* Main.storyboard in Resources */ = {isa = PBXBuildFile; fileRef = 917C874527CF3147002A6D5F /* Main.storyboard */; };
		917C874927CF3149002A6D5F /* Assets.xcassets in Resources */ = {isa = PBXBuildFile; fileRef = 917C874827CF3149002A6D5F /* Assets.xcassets */; };
		917C874C27CF3149002A6D5F /* LaunchScreen.storyboard in Resources */ = {isa = PBXBuildFile; fileRef = 917C874A27CF3149002A6D5F /* LaunchScreen.storyboard */; };
		917C875727CF3149002A6D5F /* AccessSwiftlintTests.swift in Sources */ = {isa = PBXBuildFile; fileRef = 917C875627CF3149002A6D5F /* AccessSwiftlintTests.swift */; };
		917C876127CF3149002A6D5F /* AccessSwiftlintUITests.swift in Sources */ = {isa = PBXBuildFile; fileRef = 917C876027CF3149002A6D5F /* AccessSwiftlintUITests.swift */; };
		917C876327CF3149002A6D5F /* AccessSwiftlintUITestsLaunchTests.swift in Sources */ = {isa = PBXBuildFile; fileRef = 917C876227CF3149002A6D5F /* AccessSwiftlintUITestsLaunchTests.swift */; };
/* End PBXBuildFile section */

/* Begin PBXContainerItemProxy section */
		917C875327CF3149002A6D5F /* PBXContainerItemProxy */ = {
			isa = PBXContainerItemProxy;
			containerPortal = 917C873427CF3147002A6D5F /* Project object */;
			proxyType = 1;
			remoteGlobalIDString = 917C873B27CF3147002A6D5F;
			remoteInfo = AccessSwiftlint;
		};
		917C875D27CF3149002A6D5F /* PBXContainerItemProxy */ = {
			isa = PBXContainerItemProxy;
			containerPortal = 917C873427CF3147002A6D5F /* Project object */;
			proxyType = 1;
			remoteGlobalIDString = 917C873B27CF3147002A6D5F;
			remoteInfo = AccessSwiftlint;
		};
/* End PBXContainerItemProxy section */

/* Begin PBXFileReference section */
		917C873C27CF3147002A6D5F /* AccessSwiftlint.app */ = {isa = PBXFileReference; explicitFileType = wrapper.application; includeInIndex = 0; path = AccessSwiftlint.app; sourceTree = BUILT_PRODUCTS_DIR; };
		917C873F27CF3147002A6D5F /* AppDelegate.swift */ = {isa = PBXFileReference; lastKnownFileType = sourcecode.swift; path = AppDelegate.swift; sourceTree = "<group>"; };
		917C874127CF3147002A6D5F /* SceneDelegate.swift */ = {isa = PBXFileReference; lastKnownFileType = sourcecode.swift; path = SceneDelegate.swift; sourceTree = "<group>"; };
		917C874327CF3147002A6D5F /* ViewController.swift */ = {isa = PBXFileReference; lastKnownFileType = sourcecode.swift; path = ViewController.swift; sourceTree = "<group>"; };
		917C874627CF3147002A6D5F /* Base */ = {isa = PBXFileReference; lastKnownFileType = file.storyboard; name = Base; path = Base.lproj/Main.storyboard; sourceTree = "<group>"; };
		917C874827CF3149002A6D5F /* Assets.xcassets */ = {isa = PBXFileReference; lastKnownFileType = folder.assetcatalog; path = Assets.xcassets; sourceTree = "<group>"; };
		917C874B27CF3149002A6D5F /* Base */ = {isa = PBXFileReference; lastKnownFileType = file.storyboard; name = Base; path = Base.lproj/LaunchScreen.storyboard; sourceTree = "<group>"; };
		917C874D27CF3149002A6D5F /* Info.plist */ = {isa = PBXFileReference; lastKnownFileType = text.plist.xml; path = Info.plist; sourceTree = "<group>"; };
		917C875227CF3149002A6D5F /* AccessSwiftlintTests.xctest */ = {isa = PBXFileReference; explicitFileType = wrapper.cfbundle; includeInIndex = 0; path = AccessSwiftlintTests.xctest; sourceTree = BUILT_PRODUCTS_DIR; };
		917C875627CF3149002A6D5F /* AccessSwiftlintTests.swift */ = {isa = PBXFileReference; lastKnownFileType = sourcecode.swift; path = AccessSwiftlintTests.swift; sourceTree = "<group>"; };
		917C875C27CF3149002A6D5F /* AccessSwiftlintUITests.xctest */ = {isa = PBXFileReference; explicitFileType = wrapper.cfbundle; includeInIndex = 0; path = AccessSwiftlintUITests.xctest; sourceTree = BUILT_PRODUCTS_DIR; };
		917C876027CF3149002A6D5F /* AccessSwiftlintUITests.swift */ = {isa = PBXFileReference; lastKnownFileType = sourcecode.swift; path = AccessSwiftlintUITests.swift; sourceTree = "<group>"; };
		917C876227CF3149002A6D5F /* AccessSwiftlintUITestsLaunchTests.swift */ = {isa = PBXFileReference; lastKnownFileType = sourcecode.swift; path = AccessSwiftlintUITestsLaunchTests.swift; sourceTree = "<group>"; };
/* End PBXFileReference section */

/* Begin PBXFrameworksBuildPhase section */
		917C873927CF3147002A6D5F /* Frameworks */ = {
			isa = PBXFrameworksBuildPhase;
			buildActionMask = 2147483647;
			files = (
			);
			runOnlyForDeploymentPostprocessing = 0;
		};
		917C874F27CF3149002A6D5F /* Frameworks */ = {
			isa = PBXFrameworksBuildPhase;
			buildActionMask = 2147483647;
			files = (
			);
			runOnlyForDeploymentPostprocessing = 0;
		};
		917C875927CF3149002A6D5F /* Frameworks */ = {
			isa = PBXFrameworksBuildPhase;
			buildActionMask = 2147483647;
			files = (
			);
			runOnlyForDeploymentPostprocessing = 0;
		};
/* End PBXFrameworksBuildPhase section */

/* Begin PBXGroup section */
		917C873327CF3147002A6D5F = {
			isa = PBXGroup;
			children = (
				917C873E27CF3147002A6D5F /* AccessSwiftlint */,
				917C875527CF3149002A6D5F /* AccessSwiftlintTests */,
				917C875F27CF3149002A6D5F /* AccessSwiftlintUITests */,
				917C873D27CF3147002A6D5F /* Products */,
			);
			sourceTree = "<group>";
		};
		917C873D27CF3147002A6D5F /* Products */ = {
			isa = PBXGroup;
			children = (
				917C873C27CF3147002A6D5F /* AccessSwiftlint.app */,
				917C875227CF3149002A6D5F /* AccessSwiftlintTests.xctest */,
				917C875C27CF3149002A6D5F /* AccessSwiftlintUITests.xctest */,
			);
			name = Products;
			sourceTree = "<group>";
		};
		917C873E27CF3147002A6D5F /* AccessSwiftlint */ = {
			isa = PBXGroup;
			children = (
				917C873F27CF3147002A6D5F /* AppDelegate.swift */,
				917C874127CF3147002A6D5F /* SceneDelegate.swift */,
				917C874327CF3147002A6D5F /* ViewController.swift */,
				917C874527CF3147002A6D5F /* Main.storyboard */,
				917C874827CF3149002A6D5F /* Assets.xcassets */,
				917C874A27CF3149002A6D5F /* LaunchScreen.storyboard */,
				917C874D27CF3149002A6D5F /* Info.plist */,
			);
			path = AccessSwiftlint;
			sourceTree = "<group>";
		};
		917C875527CF3149002A6D5F /* AccessSwiftlintTests */ = {
			isa = PBXGroup;
			children = (
				917C875627CF3149002A6D5F /* AccessSwiftlintTests.swift */,
			);
			path = AccessSwiftlintTests;
			sourceTree = "<group>";
		};
		917C875F27CF3149002A6D5F /* AccessSwiftlintUITests */ = {
			isa = PBXGroup;
			children = (
				917C876027CF3149002A6D5F /* AccessSwiftlintUITests.swift */,
				917C876227CF3149002A6D5F /* AccessSwiftlintUITestsLaunchTests.swift */,
			);
			path = AccessSwiftlintUITests;
			sourceTree = "<group>";
		};
/* End PBXGroup section */

/* Begin PBXNativeTarget section */
		917C873B27CF3147002A6D5F /* AccessSwiftlint */ = {
			isa = PBXNativeTarget;
			buildConfigurationList = 917C876627CF3149002A6D5F /* Build configuration list for PBXNativeTarget "AccessSwiftlint" */;
			buildPhases = (
				917C873827CF3147002A6D5F /* Sources */,
				917C873927CF3147002A6D5F /* Frameworks */,
				917C873A27CF3147002A6D5F /* Resources */,
			);
			buildRules = (
			);
			dependencies = (
			);
			name = AccessSwiftlint;
			productName = AccessSwiftlint;
			productReference = 917C873C27CF3147002A6D5F /* AccessSwiftlint.app */;
			productType = "com.apple.product-type.application";
		};
		917C875127CF3149002A6D5F /* AccessSwiftlintTests */ = {
			isa = PBXNativeTarget;
			buildConfigurationList = 917C876927CF3149002A6D5F /* Build configuration list for PBXNativeTarget "AccessSwiftlintTests" */;
			buildPhases = (
				917C874E27CF3149002A6D5F /* Sources */,
				917C874F27CF3149002A6D5F /* Frameworks */,
				917C875027CF3149002A6D5F /* Resources */,
			);
			buildRules = (
			);
			dependencies = (
				917C875427CF3149002A6D5F /* PBXTargetDependency */,
			);
			name = AccessSwiftlintTests;
			productName = AccessSwiftlintTests;
			productReference = 917C875227CF3149002A6D5F /* AccessSwiftlintTests.xctest */;
			productType = "com.apple.product-type.bundle.unit-test";
		};
		917C875B27CF3149002A6D5F /* AccessSwiftlintUITests */ = {
			isa = PBXNativeTarget;
			buildConfigurationList = 917C876C27CF3149002A6D5F /* Build configuration list for PBXNativeTarget "AccessSwiftlintUITests" */;
			buildPhases = (
				917C875827CF3149002A6D5F /* Sources */,
				917C875927CF3149002A6D5F /* Frameworks */,
				917C875A27CF3149002A6D5F /* Resources */,
			);
			buildRules = (
			);
			dependencies = (
				917C875E27CF3149002A6D5F /* PBXTargetDependency */,
			);
			name = AccessSwiftlintUITests;
			productName = AccessSwiftlintUITests;
			productReference = 917C875C27CF3149002A6D5F /* AccessSwiftlintUITests.xctest */;
			productType = "com.apple.product-type.bundle.ui-testing";
		};
/* End PBXNativeTarget section */

/* Begin PBXProject section */
		917C873427CF3147002A6D5F /* Project object */ = {
			isa = PBXProject;
			attributes = {
				BuildIndependentTargetsInParallel = 1;
				LastSwiftUpdateCheck = 1320;
				LastUpgradeCheck = 1320;
				TargetAttributes = {
					917C873B27CF3147002A6D5F = {
						CreatedOnToolsVersion = 13.2.1;
					};
					917C875127CF3149002A6D5F = {
						CreatedOnToolsVersion = 13.2.1;
						TestTargetID = 917C873B27CF3147002A6D5F;
					};
					917C875B27CF3149002A6D5F = {
						CreatedOnToolsVersion = 13.2.1;
						TestTargetID = 917C873B27CF3147002A6D5F;
					};
				};
			};
			buildConfigurationList = 917C873727CF3147002A6D5F /* Build configuration list for PBXProject "AccessSwiftlint" */;
			compatibilityVersion = "Xcode 13.0";
			developmentRegion = en;
			hasScannedForEncodings = 0;
			knownRegions = (
				en,
				Base,
			);
			mainGroup = 917C873327CF3147002A6D5F;
			productRefGroup = 917C873D27CF3147002A6D5F /* Products */;
			projectDirPath = "";
			projectRoot = "";
			targets = (
				917C873B27CF3147002A6D5F /* AccessSwiftlint */,
				917C875127CF3149002A6D5F /* AccessSwiftlintTests */,
				917C875B27CF3149002A6D5F /* AccessSwiftlintUITests */,
			);
		};
/* End PBXProject section */

/* Begin PBXResourcesBuildPhase section */
		917C873A27CF3147002A6D5F /* Resources */ = {
			isa = PBXResourcesBuildPhase;
			buildActionMask = 2147483647;
			files = (
				917C874C27CF3149002A6D5F /* LaunchScreen.storyboard in Resources */,
				917C874927CF3149002A6D5F /* Assets.xcassets in Resources */,
				917C874727CF3147002A6D5F /* Main.storyboard in Resources */,
			);
			runOnlyForDeploymentPostprocessing = 0;
		};
		917C875027CF3149002A6D5F /* Resources */ = {
			isa = PBXResourcesBuildPhase;
			buildActionMask = 2147483647;
			files = (
			);
			runOnlyForDeploymentPostprocessing = 0;
		};
		917C875A27CF3149002A6D5F /* Resources */ = {
			isa = PBXResourcesBuildPhase;
			buildActionMask = 2147483647;
			files = (
			);
			runOnlyForDeploymentPostprocessing = 0;
		};
/* End PBXResourcesBuildPhase section */

/* Begin PBXSourcesBuildPhase section */
		917C873827CF3147002A6D5F /* Sources */ = {
			isa = PBXSourcesBuildPhase;
			buildActionMask = 2147483647;
			files = (
				917C874427CF3147002A6D5F /* ViewController.swift in Sources */,
				917C874027CF3147002A6D5F /* AppDelegate.swift in Sources */,
				917C874227CF3147002A6D5F /* SceneDelegate.swift in Sources */,
			);
			runOnlyForDeploymentPostprocessing = 0;
		};
		917C874E27CF3149002A6D5F /* Sources */ = {
			isa = PBXSourcesBuildPhase;
			buildActionMask = 2147483647;
			files = (
				917C875727CF3149002A6D5F /* AccessSwiftlintTests.swift in Sources */,
			);
			runOnlyForDeploymentPostprocessing = 0;
		};
		917C875827CF3149002A6D5F /* Sources */ = {
			isa = PBXSourcesBuildPhase;
			buildActionMask = 2147483647;
			files = (
				917C876127CF3149002A6D5F /* AccessSwiftlintUITests.swift in Sources */,
				917C876327CF3149002A6D5F /* AccessSwiftlintUITestsLaunchTests.swift in Sources */,
			);
			runOnlyForDeploymentPostprocessing = 0;
		};
/* End PBXSourcesBuildPhase section */

/* Begin PBXTargetDependency section */
		917C875427CF3149002A6D5F /* PBXTargetDependency */ = {
			isa = PBXTargetDependency;
			target = 917C873B27CF3147002A6D5F /* AccessSwiftlint */;
			targetProxy = 917C875327CF3149002A6D5F /* PBXContainerItemProxy */;
		};
		917C875E27CF3149002A6D5F /* PBXTargetDependency */ = {
			isa = PBXTargetDependency;
			target = 917C873B27CF3147002A6D5F /* AccessSwiftlint */;
			targetProxy = 917C875D27CF3149002A6D5F /* PBXContainerItemProxy */;
		};
/* End PBXTargetDependency section */

/* Begin PBXVariantGroup section */
		917C874527CF3147002A6D5F /* Main.storyboard */ = {
			isa = PBXVariantGroup;
			children = (
				917C874627CF3147002A6D5F /* Base */,
			);
			name = Main.storyboard;
			sourceTree = "<group>";
		};
		917C874A27CF3149002A6D5F /* LaunchScreen.storyboard */ = {
			isa = PBXVariantGroup;
			children = (
				917C874B27CF3149002A6D5F /* Base */,
			);
			name = LaunchScreen.storyboard;
			sourceTree = "<group>";
		};
/* End PBXVariantGroup section */

/* Begin XCBuildConfiguration section */
		917C876427CF3149002A6D5F /* Debug */ = {
			isa = XCBuildConfiguration;
			buildSettings = {
				ALWAYS_SEARCH_USER_PATHS = NO;
				CLANG_ANALYZER_NONNULL = YES;
				CLANG_ANALYZER_NUMBER_OBJECT_CONVERSION = YES_AGGRESSIVE;
				CLANG_CXX_LANGUAGE_STANDARD = "gnu++17";
				CLANG_CXX_LIBRARY = "libc++";
				CLANG_ENABLE_MODULES = YES;
				CLANG_ENABLE_OBJC_ARC = YES;
				CLANG_ENABLE_OBJC_WEAK = YES;
				CLANG_WARN_BLOCK_CAPTURE_AUTORELEASING = YES;
				CLANG_WARN_BOOL_CONVERSION = YES;
				CLANG_WARN_COMMA = YES;
				CLANG_WARN_CONSTANT_CONVERSION = YES;
				CLANG_WARN_DEPRECATED_OBJC_IMPLEMENTATIONS = YES;
				CLANG_WARN_DIRECT_OBJC_ISA_USAGE = YES_ERROR;
				CLANG_WARN_DOCUMENTATION_COMMENTS = YES;
				CLANG_WARN_EMPTY_BODY = YES;
				CLANG_WARN_ENUM_CONVERSION = YES;
				CLANG_WARN_INFINITE_RECURSION = YES;
				CLANG_WARN_INT_CONVERSION = YES;
				CLANG_WARN_NON_LITERAL_NULL_CONVERSION = YES;
				CLANG_WARN_OBJC_IMPLICIT_RETAIN_SELF = YES;
				CLANG_WARN_OBJC_LITERAL_CONVERSION = YES;
				CLANG_WARN_OBJC_ROOT_CLASS = YES_ERROR;
				CLANG_WARN_QUOTED_INCLUDE_IN_FRAMEWORK_HEADER = YES;
				CLANG_WARN_RANGE_LOOP_ANALYSIS = YES;
				CLANG_WARN_STRICT_PROTOTYPES = YES;
				CLANG_WARN_SUSPICIOUS_MOVE = YES;
				CLANG_WARN_UNGUARDED_AVAILABILITY = YES_AGGRESSIVE;
				CLANG_WARN_UNREACHABLE_CODE = YES;
				CLANG_WARN__DUPLICATE_METHOD_MATCH = YES;
				COPY_PHASE_STRIP = NO;
				DEBUG_INFORMATION_FORMAT = dwarf;
				ENABLE_STRICT_OBJC_MSGSEND = YES;
				ENABLE_TESTABILITY = YES;
				GCC_C_LANGUAGE_STANDARD = gnu11;
				GCC_DYNAMIC_NO_PIC = NO;
				GCC_NO_COMMON_BLOCKS = YES;
				GCC_OPTIMIZATION_LEVEL = 0;
				GCC_PREPROCESSOR_DEFINITIONS = (
					"DEBUG=1",
					"$(inherited)",
				);
				GCC_WARN_64_TO_32_BIT_CONVERSION = YES;
				GCC_WARN_ABOUT_RETURN_TYPE = YES_ERROR;
				GCC_WARN_UNDECLARED_SELECTOR = YES;
				GCC_WARN_UNINITIALIZED_AUTOS = YES_AGGRESSIVE;
				GCC_WARN_UNUSED_FUNCTION = YES;
				GCC_WARN_UNUSED_VARIABLE = YES;
				IPHONEOS_DEPLOYMENT_TARGET = 15.2;
				MTL_ENABLE_DEBUG_INFO = INCLUDE_SOURCE;
				MTL_FAST_MATH = YES;
				ONLY_ACTIVE_ARCH = YES;
				SDKROOT = iphoneos;
				SWIFT_ACTIVE_COMPILATION_CONDITIONS = DEBUG;
				SWIFT_OPTIMIZATION_LEVEL = "-Onone";
			};
			name = Debug;
		};
		917C876527CF3149002A6D5F /* Release */ = {
			isa = XCBuildConfiguration;
			buildSettings = {
				ALWAYS_SEARCH_USER_PATHS = NO;
				CLANG_ANALYZER_NONNULL = YES;
				CLANG_ANALYZER_NUMBER_OBJECT_CONVERSION = YES_AGGRESSIVE;
				CLANG_CXX_LANGUAGE_STANDARD = "gnu++17";
				CLANG_CXX_LIBRARY = "libc++";
				CLANG_ENABLE_MODULES = YES;
				CLANG_ENABLE_OBJC_ARC = YES;
				CLANG_ENABLE_OBJC_WEAK = YES;
				CLANG_WARN_BLOCK_CAPTURE_AUTORELEASING = YES;
				CLANG_WARN_BOOL_CONVERSION = YES;
				CLANG_WARN_COMMA = YES;
				CLANG_WARN_CONSTANT_CONVERSION = YES;
				CLANG_WARN_DEPRECATED_OBJC_IMPLEMENTATIONS = YES;
				CLANG_WARN_DIRECT_OBJC_ISA_USAGE = YES_ERROR;
				CLANG_WARN_DOCUMENTATION_COMMENTS = YES;
				CLANG_WARN_EMPTY_BODY = YES;
				CLANG_WARN_ENUM_CONVERSION = YES;
				CLANG_WARN_INFINITE_RECURSION = YES;
				CLANG_WARN_INT_CONVERSION = YES;
				CLANG_WARN_NON_LITERAL_NULL_CONVERSION = YES;
				CLANG_WARN_OBJC_IMPLICIT_RETAIN_SELF = YES;
				CLANG_WARN_OBJC_LITERAL_CONVERSION = YES;
				CLANG_WARN_OBJC_ROOT_CLASS = YES_ERROR;
				CLANG_WARN_QUOTED_INCLUDE_IN_FRAMEWORK_HEADER = YES;
				CLANG_WARN_RANGE_LOOP_ANALYSIS = YES;
				CLANG_WARN_STRICT_PROTOTYPES = YES;
				CLANG_WARN_SUSPICIOUS_MOVE = YES;
				CLANG_WARN_UNGUARDED_AVAILABILITY = YES_AGGRESSIVE;
				CLANG_WARN_UNREACHABLE_CODE = YES;
				CLANG_WARN__DUPLICATE_METHOD_MATCH = YES;
				COPY_PHASE_STRIP = NO;
				DEBUG_INFORMATION_FORMAT = "dwarf-with-dsym";
				ENABLE_NS_ASSERTIONS = NO;
				ENABLE_STRICT_OBJC_MSGSEND = YES;
				GCC_C_LANGUAGE_STANDARD = gnu11;
				GCC_NO_COMMON_BLOCKS = YES;
				GCC_WARN_64_TO_32_BIT_CONVERSION = YES;
				GCC_WARN_ABOUT_RETURN_TYPE = YES_ERROR;
				GCC_WARN_UNDECLARED_SELECTOR = YES;
				GCC_WARN_UNINITIALIZED_AUTOS = YES_AGGRESSIVE;
				GCC_WARN_UNUSED_FUNCTION = YES;
				GCC_WARN_UNUSED_VARIABLE = YES;
				IPHONEOS_DEPLOYMENT_TARGET = 15.2;
				MTL_ENABLE_DEBUG_INFO = NO;
				MTL_FAST_MATH = YES;
				SDKROOT = iphoneos;
				SWIFT_COMPILATION_MODE = wholemodule;
				SWIFT_OPTIMIZATION_LEVEL = "-O";
				VALIDATE_PRODUCT = YES;
			};
			name = Release;
		};
		917C876727CF3149002A6D5F /* Debug */ = {
			isa = XCBuildConfiguration;
			buildSettings = {
				ASSETCATALOG_COMPILER_APPICON_NAME = AppIcon;
				ASSETCATALOG_COMPILER_GLOBAL_ACCENT_COLOR_NAME = AccentColor;
				CODE_SIGN_IDENTITY = "Apple Development";
				CODE_SIGN_STYLE = Automatic;
				CURRENT_PROJECT_VERSION = 1;
				DEVELOPMENT_TEAM = 79Q9WFF2X8;
				GENERATE_INFOPLIST_FILE = YES;
				INFOPLIST_FILE = AccessSwiftlint/Info.plist;
				INFOPLIST_KEY_UIApplicationSupportsIndirectInputEvents = YES;
				INFOPLIST_KEY_UILaunchStoryboardName = LaunchScreen;
				INFOPLIST_KEY_UIMainStoryboardFile = Main;
				INFOPLIST_KEY_UISupportedInterfaceOrientations = UIInterfaceOrientationPortrait;
				INFOPLIST_KEY_UISupportedInterfaceOrientations_iPad = "UIInterfaceOrientationPortrait UIInterfaceOrientationPortraitUpsideDown UIInterfaceOrientationLandscapeLeft UIInterfaceOrientationLandscapeRight";
				INFOPLIST_KEY_UISupportedInterfaceOrientations_iPhone = "UIInterfaceOrientationPortrait UIInterfaceOrientationLandscapeLeft UIInterfaceOrientationLandscapeRight";
				IPHONEOS_DEPLOYMENT_TARGET = 13.0;
				LD_RUNPATH_SEARCH_PATHS = (
					"$(inherited)",
					"@executable_path/Frameworks",
				);
				MARKETING_VERSION = 1.0;
				PRODUCT_BUNDLE_IDENTIFIER = com.app.AccessSwiftlint;
				PRODUCT_NAME = "$(TARGET_NAME)";
				PROVISIONING_PROFILE_SPECIFIER = "";
				SWIFT_EMIT_LOC_STRINGS = YES;
				SWIFT_VERSION = 5.0;
				TARGETED_DEVICE_FAMILY = "1,2";
			};
			name = Debug;
		};
		917C876827CF3149002A6D5F /* Release */ = {
			isa = XCBuildConfiguration;
			buildSettings = {
				ASSETCATALOG_COMPILER_APPICON_NAME = AppIcon;
				ASSETCATALOG_COMPILER_GLOBAL_ACCENT_COLOR_NAME = AccentColor;
				CODE_SIGN_IDENTITY = "Apple Development";
				CODE_SIGN_STYLE = Automatic;
				CURRENT_PROJECT_VERSION = 1;
				DEVELOPMENT_TEAM = 79Q9WFF2X8;
				GENERATE_INFOPLIST_FILE = YES;
				INFOPLIST_FILE = AccessSwiftlint/Info.plist;
				INFOPLIST_KEY_UIApplicationSupportsIndirectInputEvents = YES;
				INFOPLIST_KEY_UILaunchStoryboardName = LaunchScreen;
				INFOPLIST_KEY_UIMainStoryboardFile = Main;
				INFOPLIST_KEY_UISupportedInterfaceOrientations = UIInterfaceOrientationPortrait;
				INFOPLIST_KEY_UISupportedInterfaceOrientations_iPad = "UIInterfaceOrientationPortrait UIInterfaceOrientationPortraitUpsideDown UIInterfaceOrientationLandscapeLeft UIInterfaceOrientationLandscapeRight";
				INFOPLIST_KEY_UISupportedInterfaceOrientations_iPhone = "UIInterfaceOrientationPortrait UIInterfaceOrientationLandscapeLeft UIInterfaceOrientationLandscapeRight";
				IPHONEOS_DEPLOYMENT_TARGET = 13.0;
				LD_RUNPATH_SEARCH_PATHS = (
					"$(inherited)",
					"@executable_path/Frameworks",
				);
				MARKETING_VERSION = 1.0;
				PRODUCT_BUNDLE_IDENTIFIER = com.app.AccessSwiftlint;
				PRODUCT_NAME = "$(TARGET_NAME)";
				PROVISIONING_PROFILE_SPECIFIER = "";
				SWIFT_EMIT_LOC_STRINGS = YES;
				SWIFT_VERSION = 5.0;
				TARGETED_DEVICE_FAMILY = "1,2";
			};
			name = Release;
		};
		917C876A27CF3149002A6D5F /* Debug */ = {
			isa = XCBuildConfiguration;
			buildSettings = {
				ALWAYS_EMBED_SWIFT_STANDARD_LIBRARIES = YES;
				BUNDLE_LOADER = "$(TEST_HOST)";
				CODE_SIGN_STYLE = Automatic;
				CURRENT_PROJECT_VERSION = 1;
				GENERATE_INFOPLIST_FILE = YES;
				IPHONEOS_DEPLOYMENT_TARGET = 15.2;
				MARKETING_VERSION = 1.0;
				PRODUCT_BUNDLE_IDENTIFIER = com.app.AccessSwiftlintTests;
				PRODUCT_NAME = "$(TARGET_NAME)";
				SWIFT_EMIT_LOC_STRINGS = NO;
				SWIFT_VERSION = 5.0;
				TARGETED_DEVICE_FAMILY = "1,2";
				TEST_HOST = "$(BUILT_PRODUCTS_DIR)/AccessSwiftlint.app/AccessSwiftlint";
			};
			name = Debug;
		};
		917C876B27CF3149002A6D5F /* Release */ = {
			isa = XCBuildConfiguration;
			buildSettings = {
				ALWAYS_EMBED_SWIFT_STANDARD_LIBRARIES = YES;
				BUNDLE_LOADER = "$(TEST_HOST)";
				CODE_SIGN_STYLE = Automatic;
				CURRENT_PROJECT_VERSION = 1;
				GENERATE_INFOPLIST_FILE = YES;
				IPHONEOS_DEPLOYMENT_TARGET = 15.2;
				MARKETING_VERSION = 1.0;
				PRODUCT_BUNDLE_IDENTIFIER = com.app.AccessSwiftlintTests;
				PRODUCT_NAME = "$(TARGET_NAME)";
				SWIFT_EMIT_LOC_STRINGS = NO;
				SWIFT_VERSION = 5.0;
				TARGETED_DEVICE_FAMILY = "1,2";
				TEST_HOST = "$(BUILT_PRODUCTS_DIR)/AccessSwiftlint.app/AccessSwiftlint";
			};
			name = Release;
		};
		917C876D27CF3149002A6D5F /* Debug */ = {
			isa = XCBuildConfiguration;
			buildSettings = {
				ALWAYS_EMBED_SWIFT_STANDARD_LIBRARIES = YES;
				CODE_SIGN_STYLE = Automatic;
				CURRENT_PROJECT_VERSION = 1;
				GENERATE_INFOPLIST_FILE = YES;
				MARKETING_VERSION = 1.0;
				PRODUCT_BUNDLE_IDENTIFIER = com.app.AccessSwiftlintUITests;
				PRODUCT_NAME = "$(TARGET_NAME)";
				SWIFT_EMIT_LOC_STRINGS = NO;
				SWIFT_VERSION = 5.0;
				TARGETED_DEVICE_FAMILY = "1,2";
				TEST_TARGET_NAME = AccessSwiftlint;
			};
			name = Debug;
		};
		917C876E27CF3149002A6D5F /* Release */ = {
			isa = XCBuildConfiguration;
			buildSettings = {
				ALWAYS_EMBED_SWIFT_STANDARD_LIBRARIES = YES;
				CODE_SIGN_STYLE = Automatic;
				CURRENT_PROJECT_VERSION = 1;
				GENERATE_INFOPLIST_FILE = YES;
				MARKETING_VERSION = 1.0;
				PRODUCT_BUNDLE_IDENTIFIER = com.app.AccessSwiftlintUITests;
				PRODUCT_NAME = "$(TARGET_NAME)";
				SWIFT_EMIT_LOC_STRINGS = NO;
				SWIFT_VERSION = 5.0;
				TARGETED_DEVICE_FAMILY = "1,2";
				TEST_TARGET_NAME = AccessSwiftlint;
			};
			name = Release;
		};
/* End XCBuildConfiguration section */

/* Begin XCConfigurationList section */
		917C873727CF3147002A6D5F /* Build configuration list for PBXProject "AccessSwiftlint" */ = {
			isa = XCConfigurationList;
			buildConfigurations = (
				917C876427CF3149002A6D5F /* Debug */,
				917C876527CF3149002A6D5F /* Release */,
			);
			defaultConfigurationIsVisible = 0;
			defaultConfigurationName = Release;
		};
		917C876627CF3149002A6D5F /* Build configuration list for PBXNativeTarget "AccessSwiftlint" */ = {
			isa = XCConfigurationList;
			buildConfigurations = (
				917C876727CF3149002A6D5F /* Debug */,
				917C876827CF3149002A6D5F /* Release */,
			);
			defaultConfigurationIsVisible = 0;
			defaultConfigurationName = Release;
		};
		917C876927CF3149002A6D5F /* Build configuration list for PBXNativeTarget "AccessSwiftlintTests" */ = {
			isa = XCConfigurationList;
			buildConfigurations = (
				917C876A27CF3149002A6D5F /* Debug */,
				917C876B27CF3149002A6D5F /* Release */,
			);
			defaultConfigurationIsVisible = 0;
			defaultConfigurationName = Release;
		};
		917C876C27CF3149002A6D5F /* Build configuration list for PBXNativeTarget "AccessSwiftlintUITests" */ = {
			isa = XCConfigurationList;
			buildConfigurations = (
				917C876D27CF3149002A6D5F /* Debug */,
				917C876E27CF3149002A6D5F /* Release */,
			);
			defaultConfigurationIsVisible = 0;
			defaultConfigurationName = Release;
		};
/* End XCConfigurationList section */
	};
	rootObject = 917C873427CF3147002A6D5F /* Project object */;
}
